
Microsoft Visual Studio Solution File, Format Version 12.00
# Visual Studio Version 16
VisualStudioVersion = 16.0.29009.5
MinimumVisualStudioVersion = 10.0.40219.1
Project("{FAE04EC0-301F-11D3-BF4B-00C04F79EFBC}") = "HRPPA", "HRPP\HRPPA.csproj", "{F9B01335-7AF0-4C41-A6A9-180180CEBDBA}"
EndProject
Global
	GlobalSection(SolutionConfigurationPlatforms) = preSolution
		Debug|Any CPU = Debug|Any CPU
		Release|Any CPU = Release|Any CPU
	EndGlobalSection
	GlobalSection(ProjectConfigurationPlatforms) = postSolution
		{F9B01335-7AF0-4C41-A6A9-180180CEBDBA}.Debug|Any CPU.ActiveCfg = Debug|Any CPU
		{F9B01335-7AF0-4C41-A6A9-180180CEBDBA}.Debug|Any CPU.Build.0 = Debug|Any CPU
		{F9B01335-7AF0-4C41-A6A9-180180CEBDBA}.Release|Any CPU.ActiveCfg = Release|Any CPU
		{F9B01335-7AF0-4C41-A6A9-180180CEBDBA}.Release|Any CPU.Build.0 = Release|Any CPU
	EndGlobalSection
	GlobalSection(SolutionProperties) = preSolution
		HideSolutionNode = FALSE
	EndGlobalSection
	GlobalSection(ExtensibilityGlobals) = postSolution
		SolutionGuid = {E9DD2750-3E2C-42FB-B193-C290B64446D9}
	EndGlobalSection
EndGlobal
